
Microsoft Visual Studio Solution File, Format Version 12.00
# Visual Studio Version 17
VisualStudioVersion = 17.5.2.0
MinimumVisualStudioVersion = 10.0.40219.1
Project("{2150E333-8FDC-42A3-9474-1A3956D46DE8}") = "src", "src", "{827E0CD3-B72D-47B6-A68D-7590B98EB39B}"
EndProject
Project("{FAE04EC0-301F-11D3-BF4B-00C04F79EFBC}") = "QuickJsTest", "src\QuickJsTest.csproj", "{26720D1D-4630-4F55-9A69-1AE18F4B764A}"
EndProject
Project("{2150E333-8FDC-42A3-9474-1A3956D46DE8}") = "external", "external", "{A288BEE0-695A-BEEA-455C-649571D89326}"
EndProject
Project("{2150E333-8FDC-42A3-9474-1A3956D46DE8}") = "QuickJS", "QuickJS", "{C46B580F-D4FC-913D-F111-90CAA5876C37}"
EndProject
Project("{FAE04EC0-301F-11D3-BF4B-00C04F79EFBC}") = "QuickJS.NET", "external\QuickJS\QuickJS.NET\QuickJS.NET.csproj", "{6FB8DF49-DC79-4EF6-843A-11E06650A917}"
EndProject
Global
	GlobalSection(SolutionConfigurationPlatforms) = preSolution
		Debug|Any CPU = Debug|Any CPU
		Debug|x64 = Debug|x64
		Debug|x86 = Debug|x86
		Release|Any CPU = Release|Any CPU
		Release|x64 = Release|x64
		Release|x86 = Release|x86
	EndGlobalSection
	GlobalSection(ProjectConfigurationPlatforms) = postSolution
		{26720D1D-4630-4F55-9A69-1AE18F4B764A}.Debug|Any CPU.ActiveCfg = Debug|Any CPU
		{26720D1D-4630-4F55-9A69-1AE18F4B764A}.Debug|Any CPU.Build.0 = Debug|Any CPU
		{26720D1D-4630-4F55-9A69-1AE18F4B764A}.Debug|x64.ActiveCfg = Debug|Any CPU
		{26720D1D-4630-4F55-9A69-1AE18F4B764A}.Debug|x64.Build.0 = Debug|Any CPU
		{26720D1D-4630-4F55-9A69-1AE18F4B764A}.Debug|x86.ActiveCfg = Debug|Any CPU
		{26720D1D-4630-4F55-9A69-1AE18F4B764A}.Debug|x86.Build.0 = Debug|Any CPU
		{26720D1D-4630-4F55-9A69-1AE18F4B764A}.Release|Any CPU.ActiveCfg = Release|Any CPU
		{26720D1D-4630-4F55-9A69-1AE18F4B764A}.Release|Any CPU.Build.0 = Release|Any CPU
		{26720D1D-4630-4F55-9A69-1AE18F4B764A}.Release|x64.ActiveCfg = Release|Any CPU
		{26720D1D-4630-4F55-9A69-1AE18F4B764A}.Release|x64.Build.0 = Release|Any CPU
		{26720D1D-4630-4F55-9A69-1AE18F4B764A}.Release|x86.ActiveCfg = Release|Any CPU
		{26720D1D-4630-4F55-9A69-1AE18F4B764A}.Release|x86.Build.0 = Release|Any CPU
		{6FB8DF49-DC79-4EF6-843A-11E06650A917}.Debug|Any CPU.ActiveCfg = Debug|Any CPU
		{6FB8DF49-DC79-4EF6-843A-11E06650A917}.Debug|Any CPU.Build.0 = Debug|Any CPU
		{6FB8DF49-DC79-4EF6-843A-11E06650A917}.Debug|x64.ActiveCfg = Debug|Any CPU
		{6FB8DF49-DC79-4EF6-843A-11E06650A917}.Debug|x64.Build.0 = Debug|Any CPU
		{6FB8DF49-DC79-4EF6-843A-11E06650A917}.Debug|x86.ActiveCfg = Debug|Any CPU
		{6FB8DF49-DC79-4EF6-843A-11E06650A917}.Debug|x86.Build.0 = Debug|Any CPU
		{6FB8DF49-DC79-4EF6-843A-11E06650A917}.Release|Any CPU.ActiveCfg = Release|Any CPU
		{6FB8DF49-DC79-4EF6-843A-11E06650A917}.Release|Any CPU.Build.0 = Release|Any CPU
		{6FB8DF49-DC79-4EF6-843A-11E06650A917}.Release|x64.ActiveCfg = Release|Any CPU
		{6FB8DF49-DC79-4EF6-843A-11E06650A917}.Release|x64.Build.0 = Release|Any CPU
		{6FB8DF49-DC79-4EF6-843A-11E06650A917}.Release|x86.ActiveCfg = Release|Any CPU
		{6FB8DF49-DC79-4EF6-843A-11E06650A917}.Release|x86.Build.0 = Release|Any CPU
	EndGlobalSection
	GlobalSection(SolutionProperties) = preSolution
		HideSolutionNode = FALSE
	EndGlobalSection
	GlobalSection(NestedProjects) = preSolution
		{26720D1D-4630-4F55-9A69-1AE18F4B764A} = {827E0CD3-B72D-47B6-A68D-7590B98EB39B}
		{C46B580F-D4FC-913D-F111-90CAA5876C37} = {A288BEE0-695A-BEEA-455C-649571D89326}
		{6FB8DF49-DC79-4EF6-843A-11E06650A917} = {C46B580F-D4FC-913D-F111-90CAA5876C37}
	EndGlobalSection
	GlobalSection(ExtensibilityGlobals) = postSolution
		SolutionGuid = {17813C11-AA02-4008-B4B3-A8C41F17C6ED}
	EndGlobalSection
EndGlobal
